// !$*UTF8*$!
{
	archiveVersion = 1;
	classes = {
	};
	objectVersion = 50;
	objects = {

/* Begin PBXBuildFile section */
		5829856622B29684002900CB /* AppDelegate.m in Sources */ = {isa = PBXBuildFile; fileRef = 5829856522B29684002900CB /* AppDelegate.m */; };
		5829856922B29684002900CB /* ViewController.m in Sources */ = {isa = PBXBuildFile; fileRef = 5829856822B29684002900CB /* ViewController.m */; };
		5829856C22B29684002900CB /* Main.storyboard in Resources */ = {isa = PBXBuildFile; fileRef = 5829856A22B29684002900CB /* Main.storyboard */; };
		5829856E22B29686002900CB /* Assets.xcassets in Resources */ = {isa = PBXBuildFile; fileRef = 5829856D22B29686002900CB /* Assets.xcassets */; };
		5829857122B29686002900CB /* LaunchScreen.storyboard in Resources */ = {isa = PBXBuildFile; fileRef = 5829856F22B29686002900CB /* LaunchScreen.storyboard */; };
		5829857422B29686002900CB /* main.m in Sources */ = {isa = PBXBuildFile; fileRef = 5829857322B29686002900CB /* main.m */; };
		5829858222B2973C002900CB /* XWDateUtil.m in Sources */ = {isa = PBXBuildFile; fileRef = 5829857F22B2973C002900CB /* XWDateUtil.m */; };
		5829858322B2973C002900CB /* XWDatePickerController.m in Sources */ = {isa = PBXBuildFile; fileRef = 5829858022B2973C002900CB /* XWDatePickerController.m */; };
		582985C622B29DC8002900CB /* NSLayoutConstraint+MASDebugAdditions.m in Sources */ = {isa = PBXBuildFile; fileRef = 582985AD22B29DC8002900CB /* NSLayoutConstraint+MASDebugAdditions.m */; };
		582985C722B29DC8002900CB /* ViewController+MASAdditions.m in Sources */ = {isa = PBXBuildFile; fileRef = 582985B622B29DC8002900CB /* ViewController+MASAdditions.m */; };
		582985C822B29DC8002900CB /* MASCompositeConstraint.m in Sources */ = {isa = PBXBuildFile; fileRef = 582985BA22B29DC8002900CB /* MASCompositeConstraint.m */; };
		582985C922B29DC8002900CB /* MASConstraintMaker.m in Sources */ = {isa = PBXBuildFile; fileRef = 582985BB22B29DC8002900CB /* MASConstraintMaker.m */; };
		582985CA22B29DC8002900CB /* MASLayoutConstraint.m in Sources */ = {isa = PBXBuildFile; fileRef = 582985BC22B29DC8002900CB /* MASLayoutConstraint.m */; };
		582985CB22B29DC8002900CB /* NSArray+MASAdditions.m in Sources */ = {isa = PBXBuildFile; fileRef = 582985BD22B29DC8002900CB /* NSArray+MASAdditions.m */; };
		582985CC22B29DC8002900CB /* View+MASAdditions.m in Sources */ = {isa = PBXBuildFile; fileRef = 582985BE22B29DC8002900CB /* View+MASAdditions.m */; };
		582985CD22B29DC8002900CB /* MASConstraint.m in Sources */ = {isa = PBXBuildFile; fileRef = 582985C122B29DC8002900CB /* MASConstraint.m */; };
		582985CE22B29DC8002900CB /* MASViewConstraint.m in Sources */ = {isa = PBXBuildFile; fileRef = 582985C322B29DC8002900CB /* MASViewConstraint.m */; };
		582985CF22B29DC8002900CB /* MASViewAttribute.m in Sources */ = {isa = PBXBuildFile; fileRef = 582985C422B29DC8002900CB /* MASViewAttribute.m */; };
		582985D322B2A51B002900CB /* UIViewController_Util.m in Sources */ = {isa = PBXBuildFile; fileRef = 582985D222B2A51B002900CB /* UIViewController_Util.m */; };
/* End PBXBuildFile section */

/* Begin PBXFileReference section */
		5829856122B29684002900CB /* XWDatePicker.app */ = {isa = PBXFileReference; explicitFileType = wrapper.application; includeInIndex = 0; path = XWDatePicker.app; sourceTree = BUILT_PRODUCTS_DIR; };
		5829856422B29684002900CB /* AppDelegate.h */ = {isa = PBXFileReference; lastKnownFileType = sourcecode.c.h; path = AppDelegate.h; sourceTree = "<group>"; };
		5829856522B29684002900CB /* AppDelegate.m */ = {isa = PBXFileReference; lastKnownFileType = sourcecode.c.objc; path = AppDelegate.m; sourceTree = "<group>"; };
		5829856722B29684002900CB /* ViewController.h */ = {isa = PBXFileReference; lastKnownFileType = sourcecode.c.h; path = ViewController.h; sourceTree = "<group>"; };
		5829856822B29684002900CB /* ViewController.m */ = {isa = PBXFileReference; lastKnownFileType = sourcecode.c.objc; path = ViewController.m; sourceTree = "<group>"; };
		5829856B22B29684002900CB /* Base */ = {isa = PBXFileReference; lastKnownFileType = file.storyboard; name = Base; path = Base.lproj/Main.storyboard; sourceTree = "<group>"; };
		5829856D22B29686002900CB /* Assets.xcassets */ = {isa = PBXFileReference; lastKnownFileType = folder.assetcatalog; path = Assets.xcassets; sourceTree = "<group>"; };
		5829857022B29686002900CB /* Base */ = {isa = PBXFileReference; lastKnownFileType = file.storyboard; name = Base; path = Base.lproj/LaunchScreen.storyboard; sourceTree = "<group>"; };
		5829857222B29686002900CB /* Info.plist */ = {isa = PBXFileReference; lastKnownFileType = text.plist.xml; path = Info.plist; sourceTree = "<group>"; };
		5829857322B29686002900CB /* main.m */ = {isa = PBXFileReference; lastKnownFileType = sourcecode.c.objc; path = main.m; sourceTree = "<group>"; };
		5829857C22B2973C002900CB /* XWDatePickerController.h */ = {isa = PBXFileReference; fileEncoding = 4; lastKnownFileType = sourcecode.c.h; path = XWDatePickerController.h; sourceTree = "<group>"; };
		5829857E22B2973C002900CB /* XWDateUtil.h */ = {isa = PBXFileReference; fileEncoding = 4; lastKnownFileType = sourcecode.c.h; path = XWDateUtil.h; sourceTree = "<group>"; };
		5829857F22B2973C002900CB /* XWDateUtil.m */ = {isa = PBXFileReference; fileEncoding = 4; lastKnownFileType = sourcecode.c.objc; path = XWDateUtil.m; sourceTree = "<group>"; };
		5829858022B2973C002900CB /* XWDatePickerController.m */ = {isa = PBXFileReference; fileEncoding = 4; lastKnownFileType = sourcecode.c.objc; path = XWDatePickerController.m; sourceTree = "<group>"; };
		582985AC22B29DC8002900CB /* MASCompositeConstraint.h */ = {isa = PBXFileReference; fileEncoding = 4; lastKnownFileType = sourcecode.c.h; path = MASCompositeConstraint.h; sourceTree = "<group>"; };
		582985AD22B29DC8002900CB /* NSLayoutConstraint+MASDebugAdditions.m */ = {isa = PBXFileReference; fileEncoding = 4; lastKnownFileType = sourcecode.c.objc; path = "NSLayoutConstraint+MASDebugAdditions.m"; sourceTree = "<group>"; };
		582985AE22B29DC8002900CB /* MASConstraint+Private.h */ = {isa = PBXFileReference; fileEncoding = 4; lastKnownFileType = sourcecode.c.h; path = "MASConstraint+Private.h"; sourceTree = "<group>"; };
		582985AF22B29DC8002900CB /* MASLayoutConstraint.h */ = {isa = PBXFileReference; fileEncoding = 4; lastKnownFileType = sourcecode.c.h; path = MASLayoutConstraint.h; sourceTree = "<group>"; };
		582985B022B29DC8002900CB /* NSArray+MASShorthandAdditions.h */ = {isa = PBXFileReference; fileEncoding = 4; lastKnownFileType = sourcecode.c.h; path = "NSArray+MASShorthandAdditions.h"; sourceTree = "<group>"; };
		582985B122B29DC8002900CB /* MASConstraintMaker.h */ = {isa = PBXFileReference; fileEncoding = 4; lastKnownFileType = sourcecode.c.h; path = MASConstraintMaker.h; sourceTree = "<group>"; };
		582985B222B29DC8002900CB /* View+MASAdditions.h */ = {isa = PBXFileReference; fileEncoding = 4; lastKnownFileType = sourcecode.c.h; path = "View+MASAdditions.h"; sourceTree = "<group>"; };
		582985B322B29DC8002900CB /* NSArray+MASAdditions.h */ = {isa = PBXFileReference; fileEncoding = 4; lastKnownFileType = sourcecode.c.h; path = "NSArray+MASAdditions.h"; sourceTree = "<group>"; };
		582985B422B29DC8002900CB /* MASUtilities.h */ = {isa = PBXFileReference; fileEncoding = 4; lastKnownFileType = sourcecode.c.h; path = MASUtilities.h; sourceTree = "<group>"; };
		582985B522B29DC8002900CB /* MASViewAttribute.h */ = {isa = PBXFileReference; fileEncoding = 4; lastKnownFileType = sourcecode.c.h; path = MASViewAttribute.h; sourceTree = "<group>"; };
		582985B622B29DC8002900CB /* ViewController+MASAdditions.m */ = {isa = PBXFileReference; fileEncoding = 4; lastKnownFileType = sourcecode.c.objc; path = "ViewController+MASAdditions.m"; sourceTree = "<group>"; };
		582985B722B29DC8002900CB /* MASViewConstraint.h */ = {isa = PBXFileReference; fileEncoding = 4; lastKnownFileType = sourcecode.c.h; path = MASViewConstraint.h; sourceTree = "<group>"; };
		582985B822B29DC8002900CB /* MASConstraint.h */ = {isa = PBXFileReference; fileEncoding = 4; lastKnownFileType = sourcecode.c.h; path = MASConstraint.h; sourceTree = "<group>"; };
		582985B922B29DC8002900CB /* NSLayoutConstraint+MASDebugAdditions.h */ = {isa = PBXFileReference; fileEncoding = 4; lastKnownFileType = sourcecode.c.h; path = "NSLayoutConstraint+MASDebugAdditions.h"; sourceTree = "<group>"; };
		582985BA22B29DC8002900CB /* MASCompositeConstraint.m */ = {isa = PBXFileReference; fileEncoding = 4; lastKnownFileType = sourcecode.c.objc; path = MASCompositeConstraint.m; sourceTree = "<group>"; };
		582985BB22B29DC8002900CB /* MASConstraintMaker.m */ = {isa = PBXFileReference; fileEncoding = 4; lastKnownFileType = sourcecode.c.objc; path = MASConstraintMaker.m; sourceTree = "<group>"; };
		582985BC22B29DC8002900CB /* MASLayoutConstraint.m */ = {isa = PBXFileReference; fileEncoding = 4; lastKnownFileType = sourcecode.c.objc; path = MASLayoutConstraint.m; sourceTree = "<group>"; };
		582985BD22B29DC8002900CB /* NSArray+MASAdditions.m */ = {isa = PBXFileReference; fileEncoding = 4; lastKnownFileType = sourcecode.c.objc; path = "NSArray+MASAdditions.m"; sourceTree = "<group>"; };
		582985BE22B29DC8002900CB /* View+MASAdditions.m */ = {isa = PBXFileReference; fileEncoding = 4; lastKnownFileType = sourcecode.c.objc; path = "View+MASAdditions.m"; sourceTree = "<group>"; };
		582985BF22B29DC8002900CB /* View+MASShorthandAdditions.h */ = {isa = PBXFileReference; fileEncoding = 4; lastKnownFileType = sourcecode.c.h; path = "View+MASShorthandAdditions.h"; sourceTree = "<group>"; };
		582985C022B29DC8002900CB /* Masonry.h */ = {isa = PBXFileReference; fileEncoding = 4; lastKnownFileType = sourcecode.c.h; path = Masonry.h; sourceTree = "<group>"; };
		582985C122B29DC8002900CB /* MASConstraint.m */ = {isa = PBXFileReference; fileEncoding = 4; lastKnownFileType = sourcecode.c.objc; path = MASConstraint.m; sourceTree = "<group>"; };
		582985C222B29DC8002900CB /* ViewController+MASAdditions.h */ = {isa = PBXFileReference; fileEncoding = 4; lastKnownFileType = sourcecode.c.h; path = "ViewController+MASAdditions.h"; sourceTree = "<group>"; };
		582985C322B29DC8002900CB /* MASViewConstraint.m */ = {isa = PBXFileReference; fileEncoding = 4; lastKnownFileType = sourcecode.c.objc; path = MASViewConstraint.m; sourceTree = "<group>"; };
		582985C422B29DC8002900CB /* MASViewAttribute.m */ = {isa = PBXFileReference; fileEncoding = 4; lastKnownFileType = sourcecode.c.objc; path = MASViewAttribute.m; sourceTree = "<group>"; };
		582985D122B2A51B002900CB /* UIViewController_Util.h */ = {isa = PBXFileReference; fileEncoding = 4; lastKnownFileType = sourcecode.c.h; path = UIViewController_Util.h; sourceTree = "<group>"; };
		582985D222B2A51B002900CB /* UIViewController_Util.m */ = {isa = PBXFileReference; fileEncoding = 4; lastKnownFileType = sourcecode.c.objc; path = UIViewController_Util.m; sourceTree = "<group>"; };
/* End PBXFileReference section */

/* Begin PBXFrameworksBuildPhase section */
		5829855E22B29684002900CB /* Frameworks */ = {
			isa = PBXFrameworksBuildPhase;
			buildActionMask = 2147483647;
			files = (
			);
			runOnlyForDeploymentPostprocessing = 0;
		};
/* End PBXFrameworksBuildPhase section */

/* Begin PBXGroup section */
		5829855822B29684002900CB = {
			isa = PBXGroup;
			children = (
				5829856322B29684002900CB /* XWDatePicker */,
				5829856222B29684002900CB /* Products */,
			);
			sourceTree = "<group>";
		};
		5829856222B29684002900CB /* Products */ = {
			isa = PBXGroup;
			children = (
				5829856122B29684002900CB /* XWDatePicker.app */,
			);
			name = Products;
			sourceTree = "<group>";
		};
		5829856322B29684002900CB /* XWDatePicker */ = {
			isa = PBXGroup;
			children = (
				5829857A22B2973C002900CB /* XWDatePicker */,
				5829856422B29684002900CB /* AppDelegate.h */,
				5829856522B29684002900CB /* AppDelegate.m */,
				5829856722B29684002900CB /* ViewController.h */,
				5829856822B29684002900CB /* ViewController.m */,
				5829856A22B29684002900CB /* Main.storyboard */,
				5829856D22B29686002900CB /* Assets.xcassets */,
				5829856F22B29686002900CB /* LaunchScreen.storyboard */,
				5829857222B29686002900CB /* Info.plist */,
				5829857322B29686002900CB /* main.m */,
			);
			path = XWDatePicker;
			sourceTree = "<group>";
		};
		5829857A22B2973C002900CB /* XWDatePicker */ = {
			isa = PBXGroup;
			children = (
				5829858422B29D25002900CB /* 3rd */,
				5829857C22B2973C002900CB /* XWDatePickerController.h */,
				5829858022B2973C002900CB /* XWDatePickerController.m */,
				5829857D22B2973C002900CB /* Utils */,
			);
			path = XWDatePicker;
			sourceTree = "<group>";
		};
		5829857D22B2973C002900CB /* Utils */ = {
			isa = PBXGroup;
			children = (
				5829857E22B2973C002900CB /* XWDateUtil.h */,
				5829857F22B2973C002900CB /* XWDateUtil.m */,
				582985D122B2A51B002900CB /* UIViewController_Util.h */,
				582985D222B2A51B002900CB /* UIViewController_Util.m */,
			);
			path = Utils;
			sourceTree = "<group>";
		};
		5829858422B29D25002900CB /* 3rd */ = {
			isa = PBXGroup;
			children = (
				582985AB22B29DC8002900CB /* Masonry */,
			);
			path = 3rd;
			sourceTree = "<group>";
		};
		582985AB22B29DC8002900CB /* Masonry */ = {
			isa = PBXGroup;
			children = (
				582985AC22B29DC8002900CB /* MASCompositeConstraint.h */,
				582985AD22B29DC8002900CB /* NSLayoutConstraint+MASDebugAdditions.m */,
				582985AE22B29DC8002900CB /* MASConstraint+Private.h */,
				582985AF22B29DC8002900CB /* MASLayoutConstraint.h */,
				582985B022B29DC8002900CB /* NSArray+MASShorthandAdditions.h */,
				582985B122B29DC8002900CB /* MASConstraintMaker.h */,
				582985B222B29DC8002900CB /* View+MASAdditions.h */,
				582985B322B29DC8002900CB /* NSArray+MASAdditions.h */,
				582985B422B29DC8002900CB /* MASUtilities.h */,
				582985B522B29DC8002900CB /* MASViewAttribute.h */,
				582985B622B29DC8002900CB /* ViewController+MASAdditions.m */,
				582985B722B29DC8002900CB /* MASViewConstraint.h */,
				582985B822B29DC8002900CB /* MASConstraint.h */,
				582985B922B29DC8002900CB /* NSLayoutConstraint+MASDebugAdditions.h */,
				582985BA22B29DC8002900CB /* MASCompositeConstraint.m */,
				582985BB22B29DC8002900CB /* MASConstraintMaker.m */,
				582985BC22B29DC8002900CB /* MASLayoutConstraint.m */,
				582985BD22B29DC8002900CB /* NSArray+MASAdditions.m */,
				582985BE22B29DC8002900CB /* View+MASAdditions.m */,
				582985BF22B29DC8002900CB /* View+MASShorthandAdditions.h */,
				582985C022B29DC8002900CB /* Masonry.h */,
				582985C122B29DC8002900CB /* MASConstraint.m */,
				582985C222B29DC8002900CB /* ViewController+MASAdditions.h */,
				582985C322B29DC8002900CB /* MASViewConstraint.m */,
				582985C422B29DC8002900CB /* MASViewAttribute.m */,
			);
			path = Masonry;
			sourceTree = "<group>";
		};
/* End PBXGroup section */

/* Begin PBXNativeTarget section */
		5829856022B29684002900CB /* XWDatePicker */ = {
			isa = PBXNativeTarget;
			buildConfigurationList = 5829857722B29686002900CB /* Build configuration list for PBXNativeTarget "XWDatePicker" */;
			buildPhases = (
				5829855D22B29684002900CB /* Sources */,
				5829855E22B29684002900CB /* Frameworks */,
				5829855F22B29684002900CB /* Resources */,
			);
			buildRules = (
			);
			dependencies = (
			);
			name = XWDatePicker;
			productName = XWDatePicker;
			productReference = 5829856122B29684002900CB /* XWDatePicker.app */;
			productType = "com.apple.product-type.application";
		};
/* End PBXNativeTarget section */

/* Begin PBXProject section */
		5829855922B29684002900CB /* Project object */ = {
			isa = PBXProject;
			attributes = {
				LastUpgradeCheck = 1000;
				ORGANIZATIONNAME = xiaowu;
				TargetAttributes = {
					5829856022B29684002900CB = {
						CreatedOnToolsVersion = 10.0;
					};
				};
			};
			buildConfigurationList = 5829855C22B29684002900CB /* Build configuration list for PBXProject "XWDatePicker" */;
			compatibilityVersion = "Xcode 9.3";
			developmentRegion = en;
			hasScannedForEncodings = 0;
			knownRegions = (
				en,
				Base,
			);
			mainGroup = 5829855822B29684002900CB;
			productRefGroup = 5829856222B29684002900CB /* Products */;
			projectDirPath = "";
			projectRoot = "";
			targets = (
				5829856022B29684002900CB /* XWDatePicker */,
			);
		};
/* End PBXProject section */

/* Begin PBXResourcesBuildPhase section */
		5829855F22B29684002900CB /* Resources */ = {
			isa = PBXResourcesBuildPhase;
			buildActionMask = 2147483647;
			files = (
				5829857122B29686002900CB /* LaunchScreen.storyboard in Resources */,
				5829856E22B29686002900CB /* Assets.xcassets in Resources */,
				5829856C22B29684002900CB /* Main.storyboard in Resources */,
			);
			runOnlyForDeploymentPostprocessing = 0;
		};
/* End PBXResourcesBuildPhase section */

/* Begin PBXSourcesBuildPhase section */
		5829855D22B29684002900CB /* Sources */ = {
			isa = PBXSourcesBuildPhase;
			buildActionMask = 2147483647;
			files = (
				582985CE22B29DC8002900CB /* MASViewConstraint.m in Sources */,
				5829856922B29684002900CB /* ViewController.m in Sources */,
				582985C922B29DC8002900CB /* MASConstraintMaker.m in Sources */,
				5829857422B29686002900CB /* main.m in Sources */,
				582985C722B29DC8002900CB /* ViewController+MASAdditions.m in Sources */,
				582985C622B29DC8002900CB /* NSLayoutConstraint+MASDebugAdditions.m in Sources */,
				582985C822B29DC8002900CB /* MASCompositeConstraint.m in Sources */,
				5829858222B2973C002900CB /* XWDateUtil.m in Sources */,
				582985CA22B29DC8002900CB /* MASLayoutConstraint.m in Sources */,
				582985CC22B29DC8002900CB /* View+MASAdditions.m in Sources */,
				582985CB22B29DC8002900CB /* NSArray+MASAdditions.m in Sources */,
				5829856622B29684002900CB /* AppDelegate.m in Sources */,
				582985D322B2A51B002900CB /* UIViewController_Util.m in Sources */,
				5829858322B2973C002900CB /* XWDatePickerController.m in Sources */,
				582985CF22B29DC8002900CB /* MASViewAttribute.m in Sources */,
				582985CD22B29DC8002900CB /* MASConstraint.m in Sources */,
			);
			runOnlyForDeploymentPostprocessing = 0;
		};
/* End PBXSourcesBuildPhase section */

/* Begin PBXVariantGroup section */
		5829856A22B29684002900CB /* Main.storyboard */ = {
			isa = PBXVariantGroup;
			children = (
				5829856B22B29684002900CB /* Base */,
			);
			name = Main.storyboard;
			sourceTree = "<group>";
		};
		5829856F22B29686002900CB /* LaunchScreen.storyboard */ = {
			isa = PBXVariantGroup;
			children = (
				5829857022B29686002900CB /* Base */,
			);
			name = LaunchScreen.storyboard;
			sourceTree = "<group>";
		};
/* End PBXVariantGroup section */

/* Begin XCBuildConfiguration section */
		5829857522B29686002900CB /* Debug */ = {
			isa = XCBuildConfiguration;
			buildSettings = {
				ALWAYS_SEARCH_USER_PATHS = NO;
				CLANG_ANALYZER_NONNULL = YES;
				CLANG_ANALYZER_NUMBER_OBJECT_CONVERSION = YES_AGGRESSIVE;
				CLANG_CXX_LANGUAGE_STANDARD = "gnu++14";
				CLANG_CXX_LIBRARY = "libc++";
				CLANG_ENABLE_MODULES = YES;
				CLANG_ENABLE_OBJC_ARC = YES;
				CLANG_ENABLE_OBJC_WEAK = YES;
				CLANG_WARN_BLOCK_CAPTURE_AUTORELEASING = YES;
				CLANG_WARN_BOOL_CONVERSION = YES;
				CLANG_WARN_COMMA = YES;
				CLANG_WARN_CONSTANT_CONVERSION = YES;
				CLANG_WARN_DEPRECATED_OBJC_IMPLEMENTATIONS = YES;
				CLANG_WARN_DIRECT_OBJC_ISA_USAGE = YES_ERROR;
				CLANG_WARN_DOCUMENTATION_COMMENTS = YES;
				CLANG_WARN_EMPTY_BODY = YES;
				CLANG_WARN_ENUM_CONVERSION = YES;
				CLANG_WARN_INFINITE_RECURSION = YES;
				CLANG_WARN_INT_CONVERSION = YES;
				CLANG_WARN_NON_LITERAL_NULL_CONVERSION = YES;
				CLANG_WARN_OBJC_IMPLICIT_RETAIN_SELF = YES;
				CLANG_WARN_OBJC_LITERAL_CONVERSION = YES;
				CLANG_WARN_OBJC_ROOT_CLASS = YES_ERROR;
				CLANG_WARN_RANGE_LOOP_ANALYSIS = YES;
				CLANG_WARN_STRICT_PROTOTYPES = YES;
				CLANG_WARN_SUSPICIOUS_MOVE = YES;
				CLANG_WARN_UNGUARDED_AVAILABILITY = YES_AGGRESSIVE;
				CLANG_WARN_UNREACHABLE_CODE = YES;
				CLANG_WARN__DUPLICATE_METHOD_MATCH = YES;
				CODE_SIGN_IDENTITY = "iPhone Developer";
				COPY_PHASE_STRIP = NO;
				DEBUG_INFORMATION_FORMAT = dwarf;
				ENABLE_STRICT_OBJC_MSGSEND = YES;
				ENABLE_TESTABILITY = YES;
				GCC_C_LANGUAGE_STANDARD = gnu11;
				GCC_DYNAMIC_NO_PIC = NO;
				GCC_NO_COMMON_BLOCKS = YES;
				GCC_OPTIMIZATION_LEVEL = 0;
				GCC_PREPROCESSOR_DEFINITIONS = (
					"DEBUG=1",
					"$(inherited)",
				);
				GCC_WARN_64_TO_32_BIT_CONVERSION = YES;
				GCC_WARN_ABOUT_RETURN_TYPE = YES_ERROR;
				GCC_WARN_UNDECLARED_SELECTOR = YES;
				GCC_WARN_UNINITIALIZED_AUTOS = YES_AGGRESSIVE;
				GCC_WARN_UNUSED_FUNCTION = YES;
				GCC_WARN_UNUSED_VARIABLE = YES;
				IPHONEOS_DEPLOYMENT_TARGET = 12.0;
				MTL_ENABLE_DEBUG_INFO = INCLUDE_SOURCE;
				MTL_FAST_MATH = YES;
				ONLY_ACTIVE_ARCH = YES;
				SDKROOT = iphoneos;
			};
			name = Debug;
		};
		5829857622B29686002900CB /* Release */ = {
			isa = XCBuildConfiguration;
			buildSettings = {
				ALWAYS_SEARCH_USER_PATHS = NO;
				CLANG_ANALYZER_NONNULL = YES;
				CLANG_ANALYZER_NUMBER_OBJECT_CONVERSION = YES_AGGRESSIVE;
				CLANG_CXX_LANGUAGE_STANDARD = "gnu++14";
				CLANG_CXX_LIBRARY = "libc++";
				CLANG_ENABLE_MODULES = YES;
				CLANG_ENABLE_OBJC_ARC = YES;
				CLANG_ENABLE_OBJC_WEAK = YES;
				CLANG_WARN_BLOCK_CAPTURE_AUTORELEASING = YES;
				CLANG_WARN_BOOL_CONVERSION = YES;
				CLANG_WARN_COMMA = YES;
				CLANG_WARN_CONSTANT_CONVERSION = YES;
				CLANG_WARN_DEPRECATED_OBJC_IMPLEMENTATIONS = YES;
				CLANG_WARN_DIRECT_OBJC_ISA_USAGE = YES_ERROR;
				CLANG_WARN_DOCUMENTATION_COMMENTS = YES;
				CLANG_WARN_EMPTY_BODY = YES;
				CLANG_WARN_ENUM_CONVERSION = YES;
				CLANG_WARN_INFINITE_RECURSION = YES;
				CLANG_WARN_INT_CONVERSION = YES;
				CLANG_WARN_NON_LITERAL_NULL_CONVERSION = YES;
				CLANG_WARN_OBJC_IMPLICIT_RETAIN_SELF = YES;
				CLANG_WARN_OBJC_LITERAL_CONVERSION = YES;
				CLANG_WARN_OBJC_ROOT_CLASS = YES_ERROR;
				CLANG_WARN_RANGE_LOOP_ANALYSIS = YES;
				CLANG_WARN_STRICT_PROTOTYPES = YES;
				CLANG_WARN_SUSPICIOUS_MOVE = YES;
				CLANG_WARN_UNGUARDED_AVAILABILITY = YES_AGGRESSIVE;
				CLANG_WARN_UNREACHABLE_CODE = YES;
				CLANG_WARN__DUPLICATE_METHOD_MATCH = YES;
				CODE_SIGN_IDENTITY = "iPhone Developer";
				COPY_PHASE_STRIP = NO;
				DEBUG_INFORMATION_FORMAT = "dwarf-with-dsym";
				ENABLE_NS_ASSERTIONS = NO;
				ENABLE_STRICT_OBJC_MSGSEND = YES;
				GCC_C_LANGUAGE_STANDARD = gnu11;
				GCC_NO_COMMON_BLOCKS = YES;
				GCC_WARN_64_TO_32_BIT_CONVERSION = YES;
				GCC_WARN_ABOUT_RETURN_TYPE = YES_ERROR;
				GCC_WARN_UNDECLARED_SELECTOR = YES;
				GCC_WARN_UNINITIALIZED_AUTOS = YES_AGGRESSIVE;
				GCC_WARN_UNUSED_FUNCTION = YES;
				GCC_WARN_UNUSED_VARIABLE = YES;
				IPHONEOS_DEPLOYMENT_TARGET = 12.0;
				MTL_ENABLE_DEBUG_INFO = NO;
				MTL_FAST_MATH = YES;
				SDKROOT = iphoneos;
				VALIDATE_PRODUCT = YES;
			};
			name = Release;
		};
		5829857822B29686002900CB /* Debug */ = {
			isa = XCBuildConfiguration;
			buildSettings = {
				ASSETCATALOG_COMPILER_APPICON_NAME = AppIcon;
				CODE_SIGN_STYLE = Automatic;
				DEVELOPMENT_TEAM = 9JS6E9FTN7;
				INFOPLIST_FILE = XWDatePicker/Info.plist;
				IPHONEOS_DEPLOYMENT_TARGET = 9.0;
				LD_RUNPATH_SEARCH_PATHS = (
					"$(inherited)",
					"@executable_path/Frameworks",
				);
				PRODUCT_BUNDLE_IDENTIFIER = com.xiaowu.XWDatePicker;
				PRODUCT_NAME = "$(TARGET_NAME)";
				TARGETED_DEVICE_FAMILY = "1,2";
			};
			name = Debug;
		};
		5829857922B29686002900CB /* Release */ = {
			isa = XCBuildConfiguration;
			buildSettings = {
				ASSETCATALOG_COMPILER_APPICON_NAME = AppIcon;
				CODE_SIGN_STYLE = Automatic;
				DEVELOPMENT_TEAM = 9JS6E9FTN7;
				INFOPLIST_FILE = XWDatePicker/Info.plist;
				IPHONEOS_DEPLOYMENT_TARGET = 9.0;
				LD_RUNPATH_SEARCH_PATHS = (
					"$(inherited)",
					"@executable_path/Frameworks",
				);
				PRODUCT_BUNDLE_IDENTIFIER = com.xiaowu.XWDatePicker;
				PRODUCT_NAME = "$(TARGET_NAME)";
				TARGETED_DEVICE_FAMILY = "1,2";
			};
			name = Release;
		};
/* End XCBuildConfiguration section */

/* Begin XCConfigurationList section */
		5829855C22B29684002900CB /* Build configuration list for PBXProject "XWDatePicker" */ = {
			isa = XCConfigurationList;
			buildConfigurations = (
				5829857522B29686002900CB /* Debug */,
				5829857622B29686002900CB /* Release */,
			);
			defaultConfigurationIsVisible = 0;
			defaultConfigurationName = Release;
		};
		5829857722B29686002900CB /* Build configuration list for PBXNativeTarget "XWDatePicker" */ = {
			isa = XCConfigurationList;
			buildConfigurations = (
				5829857822B29686002900CB /* Debug */,
				5829857922B29686002900CB /* Release */,
			);
			defaultConfigurationIsVisible = 0;
			defaultConfigurationName = Release;
		};
/* End XCConfigurationList section */
	};
	rootObject = 5829855922B29684002900CB /* Project object */;
}
